<?xml version="1.0" encoding="utf-8"?>
<Project ToolsVersion="4.0" xmlns="http://schemas.microsoft.com/developer/msbuild/2003">
  <ItemGroup>
    <Filter Include="Source Files">
      <UniqueIdentifier>{4FC737F1-C7A5-4376-A066-2A32D752A2FF}</UniqueIdentifier>
      <Extensions>cpp;c;cc;cxx;def;odl;idl;hpj;bat;asm;asmx</Extensions>
    </Filter>
    <Filter Include="Header Files">
      <UniqueIdentifier>{93995380-89BD-4b04-88EB-625FBE52EBFB}</UniqueIdentifier>
      <Extensions>h;hh;hpp;hxx;hm;inl;inc;xsd</Extensions>
    </Filter>
    <Filter Include="Resource Files">
      <UniqueIdentifier>{67DA6AB6-F800-4c08-8B7A-83BB121AAD01}</UniqueIdentifier>
      <Extensions>rc;ico;cur;bmp;dlg;rc2;rct;bin;rgs;gif;jpg;jpeg;jpe;resx;tiff;tif;png;wav;mfcribbon-ms</Extensions>
    </Filter>
    <Filter Include="Header Files\Enviroment">
      <UniqueIdentifier>{f11647fb-2a2d-4118-9cef-ec345204fb0e}</UniqueIdentifier>
    </Filter>
    <Filter Include="Source Files\Enviroment">
      <UniqueIdentifier>{198de44e-5b7f-40c9-aa8c-73d18668dc4b}</UniqueIdentifier>
    </Filter>
    <Filter Include="Header Files\FrameWork">
      <UniqueIdentifier>{eacc4eb6-abac-4eea-9f11-32485e3e1324}</UniqueIdentifier>
    </Filter>
    <Filter Include="Header Files\FrameWork\Resources">
      <UniqueIdentifier>{495d565c-c2b8-4ef8-95f8-b2f9fb2beb81}</UniqueIdentifier>
    </Filter>
    <Filter Include="Header Files\FrameWork\Keyboard">
      <UniqueIdentifier>{510c662f-59d9-4db3-86ea-7c725a5b58dc}</UniqueIdentifier>
    </Filter>
    <Filter Include="Source Files\FrameWork">
      <UniqueIdentifier>{cc881e87-b23c-41fb-b688-a36221a77a8b}</UniqueIdentifier>
    </Filter>
    <Filter Include="Source Files\FrameWork\Keyboard">
      <UniqueIdentifier>{e29a0d75-022c-48d9-9121-8eae460e14b0}</UniqueIdentifier>
    </Filter>
    <Filter Include="Source Files\FrameWork\Resources">
      <UniqueIdentifier>{26875bd4-dd21-4e33-9608-0bf283913c10}</UniqueIdentifier>
    </Filter>
    <Filter Include="Header Files\GameObject">
      <UniqueIdentifier>{d867b6ef-605d-4b1a-acd8-a22ebffa2fe8}</UniqueIdentifier>
    </Filter>
    <Filter Include="Header Files\GameObject\Object">
      <UniqueIdentifier>{50f209fc-1a29-4443-89e4-b66a969c3206}</UniqueIdentifier>
    </Filter>
    <Filter Include="Source Files\GameObject">
      <UniqueIdentifier>{d3f5a2ed-3c70-4b65-ba61-ce916cb5c84b}</UniqueIdentifier>
    </Filter>
    <Filter Include="Source Files\GameObject\Object">
      <UniqueIdentifier>{9ace6c32-f397-4fbc-ab24-b1ca254df56c}</UniqueIdentifier>
    </Filter>
    <Filter Include="Header Files\GameObject\Map">
      <UniqueIdentifier>{d7beb693-b7e4-4e02-8674-8bfb7a670bec}</UniqueIdentifier>
    </Filter>
    <Filter Include="Source Files\GameObject\Map">
      <UniqueIdentifier>{e22e580b-9eb8-4ca6-902b-27e5301fdf1a}</UniqueIdentifier>
    </Filter>
    <Filter Include="Header Files\FrameWork\Coliision">
      <UniqueIdentifier>{c4bd913d-d3a1-4e49-9681-e91c23bad19f}</UniqueIdentifier>
    </Filter>
    <Filter Include="Source Files\FrameWork\Coliision">
      <UniqueIdentifier>{2ce0a7be-5063-4378-92ed-beaa4e090734}</UniqueIdentifier>
    </Filter>
    <Filter Include="Header Files\GameObject\Entity">
      <UniqueIdentifier>{aa8bff67-8a2c-4039-a172-4100fe7c1e43}</UniqueIdentifier>
    </Filter>
    <Filter Include="Source Files\GameObject\Entity">
      <UniqueIdentifier>{2cb56b5a-f675-43c8-8a8a-b0b284e2eb86}</UniqueIdentifier>
    </Filter>
    <Filter Include="Header Files\GameObject\StateMachine">
      <UniqueIdentifier>{3adf8a67-d0bd-4a60-af08-4b3b9b076adb}</UniqueIdentifier>
    </Filter>
    <Filter Include="Source Files\GameObject\StateMachine">
      <UniqueIdentifier>{cd5aa031-3757-4dd2-9b60-3a47eb3947e6}</UniqueIdentifier>
    </Filter>
    <Filter Include="Header Files\GameObject\StateMachine\MarioOwnedState">
      <UniqueIdentifier>{99be3ac5-5598-44e6-8078-1571244161dc}</UniqueIdentifier>
    </Filter>
    <Filter Include="Header Files\FrameWork\Quadtree">
      <UniqueIdentifier>{c6714bef-36ab-4a8d-91ef-14212980d80f}</UniqueIdentifier>
    </Filter>
    <Filter Include="Source Files\FrameWork\Quadtree">
      <UniqueIdentifier>{45afea78-dae7-4eb7-9dd6-01ca36f2b378}</UniqueIdentifier>
    </Filter>
    <Filter Include="Header Files\FrameWork\XML">
      <UniqueIdentifier>{4d393025-c8a4-4073-afb0-f56cc5a4dc9e}</UniqueIdentifier>
    </Filter>
    <Filter Include="Source Files\FrameWork\XML">
      <UniqueIdentifier>{4c15cba0-1025-4082-ae9a-2df15e4edf6f}</UniqueIdentifier>
    </Filter>
    <Filter Include="Header Files\GameObject\StateMachine\ItemOwnedState">
      <UniqueIdentifier>{4f8d3922-7e94-437b-9b56-d50df8ee58a1}</UniqueIdentifier>
    </Filter>
    <Filter Include="Source Files\GameObject\StateMachine\ItemOwnedState">
      <UniqueIdentifier>{0193b246-e4f6-4574-bb8a-674a8a6227ac}</UniqueIdentifier>
    </Filter>
    <Filter Include="Source Files\GameObject\StateMachine\MarioOwnedState">
      <UniqueIdentifier>{2ab4edff-a9dd-4cd1-aa8d-33c3773d0305}</UniqueIdentifier>
    </Filter>
    <Filter Include="Header Files\GameObject\Entity\Gun">
      <UniqueIdentifier>{5fb36dde-0ad4-430a-8f8a-f72effd5ba5f}</UniqueIdentifier>
    </Filter>
    <Filter Include="Source Files\GameObject\Entity\Gun">
      <UniqueIdentifier>{824af586-77a2-48cc-b703-cd72ce402631}</UniqueIdentifier>
    </Filter>
    <Filter Include="Header Files\GameObject\StateMachine\BulletOwnedState">
      <UniqueIdentifier>{85502bf9-a007-4801-9263-afefd9888df0}</UniqueIdentifier>
    </Filter>
    <Filter Include="Source Files\GameObject\StateMachine\BulletOwnedState">
      <UniqueIdentifier>{69c3de6b-e440-4f17-835c-9f5b3ca57d8b}</UniqueIdentifier>
    </Filter>
    <Filter Include="Header Files\GameObject\Object\LuckyBox">
      <UniqueIdentifier>{6a16e18e-448a-4138-a355-ae8d60c62cb0}</UniqueIdentifier>
    </Filter>
    <Filter Include="Source Files\GameObject\Object\LuckyBox">
      <UniqueIdentifier>{f6ba0c5c-3d11-4af8-be9a-58c92ce1c59f}</UniqueIdentifier>
    </Filter>
    <Filter Include="Header Files\GameObject\Object\Coin">
      <UniqueIdentifier>{62a8c3fe-1d0d-4df2-8135-ae47760cc668}</UniqueIdentifier>
    </Filter>
    <Filter Include="Header Files\GameObject\Object\Brick">
      <UniqueIdentifier>{e24b5154-ceac-4f1b-830a-eaedf1d182d5}</UniqueIdentifier>
    </Filter>
    <Filter Include="Source Files\GameObject\Object\Brick">
      <UniqueIdentifier>{a173fcd1-e368-4eee-9cae-e73d36ef1657}</UniqueIdentifier>
    </Filter>
    <Filter Include="Source Files\GameObject\Object\Coin">
      <UniqueIdentifier>{8d54e4d2-901f-44e4-b2da-9620478699f6}</UniqueIdentifier>
    </Filter>
    <Filter Include="Header Files\FrameWork\Sounds">
      <UniqueIdentifier>{9205ac26-a35f-46d4-ac96-f5fc15a59ad6}</UniqueIdentifier>
    </Filter>
    <Filter Include="Source Files\FrameWork\Sounds">
      <UniqueIdentifier>{7990570e-0dbe-4ec4-bb17-205a56fcc51e}</UniqueIdentifier>
    </Filter>
    <Filter Include="Header Files\GameObject\StateMachine\MapOwnedState">
      <UniqueIdentifier>{f12679f4-693a-477f-afac-69f7f05e37eb}</UniqueIdentifier>
    </Filter>
    <Filter Include="Source Files\GameObject\StateMachine\MapOwnedState">
      <UniqueIdentifier>{da60d103-d000-4d09-aa8c-7391cef982bf}</UniqueIdentifier>
    </Filter>
    <Filter Include="Header Files\GameObject\Object\Score">
      <UniqueIdentifier>{92b016fe-1666-4d15-a219-f9ba484d1bc8}</UniqueIdentifier>
    </Filter>
    <Filter Include="Source Files\GameObject\Object\Score">
      <UniqueIdentifier>{ace29c5c-2c33-4f4b-8aa4-2c6b548e1ddc}</UniqueIdentifier>
    </Filter>
    <Filter Include="Header Files\FrameWork\Camera">
      <UniqueIdentifier>{e1d803b8-e5bb-4052-bb9b-9761d294db4a}</UniqueIdentifier>
    </Filter>
    <Filter Include="Source Files\FrameWork\Camera">
      <UniqueIdentifier>{7739924f-3e1a-4559-9d13-503679297389}</UniqueIdentifier>
    </Filter>
    <Filter Include="Header Files\GameObject\Object\Flag">
      <UniqueIdentifier>{745171a3-119e-4fc7-b7f8-4e8ec3443014}</UniqueIdentifier>
    </Filter>
    <Filter Include="Source Files\GameObject\Object\Flag">
      <UniqueIdentifier>{0775d29a-b2f9-4f34-844e-26aff31079b6}</UniqueIdentifier>
    </Filter>
    <Filter Include="Header Files\GameObject\Object\FloatingBar">
      <UniqueIdentifier>{dea2fc17-b8ac-4f9f-a85a-6acb9cb0c0e9}</UniqueIdentifier>
    </Filter>
    <Filter Include="Source Files\GameObject\Object\FloatingBar">
      <UniqueIdentifier>{7df29276-6f5a-41c8-a54a-24920ed19ee2}</UniqueIdentifier>
    </Filter>
    <Filter Include="Header Files\GameObject\Object\Enemy">
      <UniqueIdentifier>{e38848b8-02c0-4ee6-a915-4770a3050095}</UniqueIdentifier>
    </Filter>
    <Filter Include="Source Files\GameObject\Object\Enemy">
      <UniqueIdentifier>{b36a5bef-0f42-45de-bd65-1d12453febcf}</UniqueIdentifier>
    </Filter>
    <Filter Include="Header Files\GameObject\StateMachine\EnemyOwnedState">
      <UniqueIdentifier>{80f3b18d-e808-42fe-8297-6beaedc92a63}</UniqueIdentifier>
    </Filter>
    <Filter Include="Source Files\GameObject\StateMachine\EnemyOwnedState">
      <UniqueIdentifier>{7ba29ee5-f41c-4647-9875-906833303650}</UniqueIdentifier>
    </Filter>
    <Filter Include="Header Files\GameObject\Object\Enemy\Boss">
      <UniqueIdentifier>{59311e2f-ae82-4372-bb20-acaf42936270}</UniqueIdentifier>
    </Filter>
    <Filter Include="Source Files\GameObject\Object\Enemy\Boss">
      <UniqueIdentifier>{0be3d685-f47a-47e2-bd58-1dca03f7e029}</UniqueIdentifier>
    </Filter>
    <Filter Include="Header Files\GameObject\Object\Enemy\Boss\Hammer">
      <UniqueIdentifier>{2775f5e4-74c8-4bb1-b78d-399ee0f8d34f}</UniqueIdentifier>
    </Filter>
    <Filter Include="Source Files\GameObject\Object\Enemy\Boss\Hammer">
      <UniqueIdentifier>{64a61b9e-1f98-4041-bde7-fea77af3b4bf}</UniqueIdentifier>
    </Filter>
    <Filter Include="Header Files\GameObject\Object\Enemy\Boss\Fire">
      <UniqueIdentifier>{a459dede-c9e2-41ac-a74f-f81f78464022}</UniqueIdentifier>
    </Filter>
    <Filter Include="Source Files\GameObject\Object\Enemy\Boss\Fire">
      <UniqueIdentifier>{30d75bf1-26f8-428b-ab8f-9554a31a4217}</UniqueIdentifier>
    </Filter>
  </ItemGroup>
  <ItemGroup>
    <ClCompile Include="Game.cpp">
      <Filter>Source Files\Enviroment</Filter>
    </ClCompile>
    <ClCompile Include="main.cpp">
      <Filter>Source Files\Enviroment</Filter>
    </ClCompile>
    <ClCompile Include="GameTime.cpp">
      <Filter>Source Files\FrameWork</Filter>
    </ClCompile>
    <ClCompile Include="KeyBoard.cpp">
      <Filter>Source Files\FrameWork\Keyboard</Filter>
    </ClCompile>
    <ClCompile Include="Sprite.cpp">
      <Filter>Source Files\FrameWork</Filter>
    </ClCompile>
    <ClCompile Include="MapObject.cpp">
      <Filter>Source Files\GameObject\Map</Filter>
    </ClCompile>
    <ClCompile Include="Mario.cpp">
      <Filter>Source Files\GameObject\Entity</Filter>
    </ClCompile>
    <ClCompile Include="Collision.cpp">
      <Filter>Source Files\FrameWork\Coliision</Filter>
    </ClCompile>
    <ClCompile Include="Quadtree.cpp">
      <Filter>Source Files\FrameWork\Quadtree</Filter>
    </ClCompile>
    <ClCompile Include="Xml\tinystr.cpp">
      <Filter>Source Files\FrameWork\XML</Filter>
    </ClCompile>
    <ClCompile Include="Xml\tinyxml.cpp">
      <Filter>Source Files\FrameWork\XML</Filter>
    </ClCompile>
    <ClCompile Include="Xml\tinyxmlerror.cpp">
      <Filter>Source Files\FrameWork\XML</Filter>
    </ClCompile>
    <ClCompile Include="Xml\tinyxmlparser.cpp">
      <Filter>Source Files\FrameWork\XML</Filter>
    </ClCompile>
    <ClCompile Include="GameObject.cpp">
      <Filter>Source Files\GameObject\Object</Filter>
    </ClCompile>
    <ClCompile Include="ReSource.cpp">
      <Filter>Source Files\FrameWork\Resources</Filter>
    </ClCompile>
    <ClCompile Include="MarioOwnedState.cpp">
      <Filter>Source Files\GameObject\StateMachine\MarioOwnedState</Filter>
    </ClCompile>
    <ClCompile Include="ItemOwnedState.cpp">
      <Filter>Source Files\GameObject\StateMachine\ItemOwnedState</Filter>
    </ClCompile>
    <ClCompile Include="Bullet.cpp">
      <Filter>Source Files\GameObject\Entity\Gun</Filter>
    </ClCompile>
    <ClCompile Include="BulletOwnedState.cpp">
      <Filter>Source Files\GameObject\StateMachine\BulletOwnedState</Filter>
    </ClCompile>
    <ClCompile Include="Gun.cpp">
      <Filter>Source Files\GameObject\Entity\Gun</Filter>
    </ClCompile>
    <ClCompile Include="LuckyBox.cpp">
      <Filter>Source Files\GameObject\Object\LuckyBox</Filter>
    </ClCompile>
    <ClCompile Include="ItemInBox.cpp">
      <Filter>Source Files\GameObject\Object\LuckyBox</Filter>
    </ClCompile>
    <ClCompile Include="Brick.cpp">
      <Filter>Source Files\GameObject\Object\Brick</Filter>
    </ClCompile>
    <ClCompile Include="Coin.cpp">
      <Filter>Source Files\GameObject\Object\Coin</Filter>
    </ClCompile>
    <ClCompile Include="SoundClass.cpp">
      <Filter>Source Files\FrameWork\Sounds</Filter>
    </ClCompile>
    <ClCompile Include="MapOwnedState.cpp">
      <Filter>Source Files\GameObject\StateMachine\MapOwnedState</Filter>
    </ClCompile>
    <ClCompile Include="ScoreGame.cpp">
      <Filter>Source Files\GameObject\Object\Score</Filter>
    </ClCompile>
    <ClCompile Include="Camera.cpp">
      <Filter>Source Files\FrameWork\Camera</Filter>
    </ClCompile>
    <ClCompile Include="Flag.cpp">
      <Filter>Source Files\GameObject\Object\Flag</Filter>
    </ClCompile>
    <ClCompile Include="FloatingBar.cpp">
      <Filter>Source Files\GameObject\Object\FloatingBar</Filter>
    </ClCompile>
    <ClCompile Include="GoombaOwnedState.cpp">
      <Filter>Source Files\GameObject\StateMachine\EnemyOwnedState</Filter>
    </ClCompile>
    <ClCompile Include="KoopaTroopaOwnedState.cpp">
      <Filter>Source Files\GameObject\StateMachine\EnemyOwnedState</Filter>
    </ClCompile>
    <ClCompile Include="Goomba.cpp">
      <Filter>Source Files\GameObject\Object\Enemy</Filter>
    </ClCompile>
    <ClCompile Include="KoopaTroopa.cpp">
      <Filter>Source Files\GameObject\Object\Enemy</Filter>
    </ClCompile>
    <ClCompile Include="Enemy.cpp">
      <Filter>Source Files\GameObject\Object</Filter>
    </ClCompile>
    <ClCompile Include="FireFlower.cpp">
      <Filter>Source Files\GameObject\Object\Enemy</Filter>
    </ClCompile>
    <ClCompile Include="FireFlowerOwnedState.cpp">
      <Filter>Source Files\GameObject\StateMachine\EnemyOwnedState</Filter>
    </ClCompile>
    <ClCompile Include="KoopaTroopaFly.cpp">
      <Filter>Source Files\GameObject\Object\Enemy</Filter>
    </ClCompile>
    <ClCompile Include="KoopaTroopaFlyOwnedState.cpp">
      <Filter>Source Files\GameObject\StateMachine\EnemyOwnedState</Filter>
    </ClCompile>
    <ClCompile Include="BowserOwnedState.cpp">
      <Filter>Source Files\GameObject\StateMachine\EnemyOwnedState</Filter>
    </ClCompile>
    <ClCompile Include="Bowser.cpp">
      <Filter>Source Files\GameObject\Object\Enemy\Boss</Filter>
    </ClCompile>
    <ClCompile Include="Hammer.cpp">
      <Filter>Source Files\GameObject\Object\Enemy\Boss\Hammer</Filter>
    </ClCompile>
    <ClCompile Include="HammerOwnedState.cpp">
      <Filter>Source Files\GameObject\StateMachine\BulletOwnedState</Filter>
    </ClCompile>
    <ClCompile Include="ManageHammer.cpp">
      <Filter>Source Files\GameObject\Object\Enemy\Boss\Hammer</Filter>
    </ClCompile>
    <ClCompile Include="BulletFire.cpp">
      <Filter>Source Files\GameObject\Object\Enemy\Boss\Fire</Filter>
    </ClCompile>
    <ClCompile Include="BulletFireOwnedState.cpp">
      <Filter>Source Files\GameObject\StateMachine\BulletOwnedState</Filter>
    </ClCompile>
    <ClCompile Include="ManageBulletFire.cpp">
      <Filter>Source Files\GameObject\Object\Enemy\Boss\Fire</Filter>
    </ClCompile>
  </ItemGroup>
  <ItemGroup>
    <ClInclude Include="Game.h">
      <Filter>Header Files\Enviroment</Filter>
    </ClInclude>
    <ClInclude Include="stdafx.h">
      <Filter>Header Files\FrameWork\Resources</Filter>
    </ClInclude>
    <ClInclude Include="Global.h">
      <Filter>Header Files\FrameWork\Resources</Filter>
    </ClInclude>
    <ClInclude Include="KeyBoard.h">
      <Filter>Header Files\FrameWork\Keyboard</Filter>
    </ClInclude>
    <ClInclude Include="GameTime.h">
      <Filter>Header Files\FrameWork</Filter>
    </ClInclude>
    <ClInclude Include="Sprite.h">
      <Filter>Header Files\FrameWork</Filter>
    </ClInclude>
    <ClInclude Include="MapObject.h">
      <Filter>Header Files\GameObject\Map</Filter>
    </ClInclude>
    <ClInclude Include="SwapAABB.h">
      <Filter>Header Files\FrameWork\Coliision</Filter>
    </ClInclude>
    <ClInclude Include="Mario.h">
      <Filter>Header Files\GameObject\Entity</Filter>
    </ClInclude>
    <ClInclude Include="State.h">
      <Filter>Header Files\GameObject\StateMachine</Filter>
    </ClInclude>
    <ClInclude Include="StateMachine.h">
      <Filter>Header Files\GameObject\StateMachine</Filter>
    </ClInclude>
    <ClInclude Include="MarioOwnedState.h">
      <Filter>Header Files\GameObject\StateMachine\MarioOwnedState</Filter>
    </ClInclude>
    <ClInclude Include="Collision.h">
      <Filter>Header Files\FrameWork\Coliision</Filter>
    </ClInclude>
    <ClInclude Include="Quadtree.h">
      <Filter>Header Files\FrameWork\Quadtree</Filter>
    </ClInclude>
    <ClInclude Include="Xml\tinystr.h">
      <Filter>Header Files\FrameWork\XML</Filter>
    </ClInclude>
    <ClInclude Include="Xml\tinyxml.h">
      <Filter>Header Files\FrameWork\XML</Filter>
    </ClInclude>
    <ClInclude Include="GameObject.h">
      <Filter>Header Files\GameObject\Object</Filter>
    </ClInclude>
    <ClInclude Include="ReSource.h">
      <Filter>Header Files\FrameWork\Resources</Filter>
    </ClInclude>
    <ClInclude Include="ItemOwnedState.h">
      <Filter>Header Files\GameObject\StateMachine\ItemOwnedState</Filter>
    </ClInclude>
    <ClInclude Include="Bullet.h">
      <Filter>Header Files\GameObject\Entity\Gun</Filter>
    </ClInclude>
    <ClInclude Include="BulletOwnedState.h">
      <Filter>Header Files\GameObject\StateMachine\BulletOwnedState</Filter>
    </ClInclude>
    <ClInclude Include="Gun.h">
      <Filter>Header Files\GameObject\Entity\Gun</Filter>
    </ClInclude>
    <ClInclude Include="LuckyBox.h">
      <Filter>Header Files\GameObject\Object\LuckyBox</Filter>
    </ClInclude>
    <ClInclude Include="ItemInBox.h">
      <Filter>Header Files\GameObject\Object\LuckyBox</Filter>
    </ClInclude>
    <ClInclude Include="Brick.h">
      <Filter>Header Files\GameObject\Object\Brick</Filter>
    </ClInclude>
    <ClInclude Include="Coin.h">
      <Filter>Header Files\GameObject\Object\Coin</Filter>
    </ClInclude>
    <ClInclude Include="SoundClass.h">
      <Filter>Header Files\FrameWork\Sounds</Filter>
    </ClInclude>
    <ClInclude Include="MapOwnedState.h">
      <Filter>Header Files\GameObject\StateMachine\MapOwnedState</Filter>
    </ClInclude>
    <ClInclude Include="ScoreGame.h">
      <Filter>Header Files\GameObject\Object\Score</Filter>
    </ClInclude>
    <ClInclude Include="Camera.h">
      <Filter>Header Files\FrameWork\Camera</Filter>
    </ClInclude>
    <ClInclude Include="Flag.h">
      <Filter>Header Files\GameObject\Object\Flag</Filter>
    </ClInclude>
    <ClInclude Include="FloatingBar.h">
      <Filter>Header Files\GameObject\Object\FloatingBar</Filter>
    </ClInclude>
    <ClInclude Include="GoombaOwnedState.h">
      <Filter>Header Files\GameObject\StateMachine\EnemyOwnedState</Filter>
    </ClInclude>
    <ClInclude Include="KoopaTroopaOwnedState.h">
      <Filter>Header Files\GameObject\StateMachine\EnemyOwnedState</Filter>
    </ClInclude>
    <ClInclude Include="Goomba.h">
      <Filter>Header Files\GameObject\Object\Enemy</Filter>
    </ClInclude>
    <ClInclude Include="KoopaTroopa.h">
      <Filter>Header Files\GameObject\Object\Enemy</Filter>
    </ClInclude>
    <ClInclude Include="Enemy.h">
      <Filter>Header Files\GameObject\Object</Filter>
    </ClInclude>
    <ClInclude Include="FireFlower.h">
      <Filter>Header Files\GameObject\Object\Enemy</Filter>
    </ClInclude>
    <ClInclude Include="FireFlowerOwnedState.h">
      <Filter>Header Files\GameObject\StateMachine\EnemyOwnedState</Filter>
    </ClInclude>
    <ClInclude Include="KoopaTroopaFly.h">
      <Filter>Header Files\GameObject\Object\Enemy</Filter>
    </ClInclude>
    <ClInclude Include="KoopaTroopaFlyOwnedState.h">
      <Filter>Header Files\GameObject\StateMachine\EnemyOwnedState</Filter>
    </ClInclude>
    <ClInclude Include="BowserOwnedState.h">
      <Filter>Header Files\GameObject\StateMachine\EnemyOwnedState</Filter>
    </ClInclude>
    <ClInclude Include="Bowser.h">
      <Filter>Header Files\GameObject\Object\Enemy\Boss</Filter>
    </ClInclude>
    <ClInclude Include="Hammer.h">
      <Filter>Header Files\GameObject\Object\Enemy\Boss\Hammer</Filter>
    </ClInclude>
    <ClInclude Include="HammerOwnedState.h">
      <Filter>Header Files\GameObject\StateMachine\BulletOwnedState</Filter>
    </ClInclude>
    <ClInclude Include="ManageHammer.h">
      <Filter>Header Files\GameObject\Object\Enemy\Boss\Hammer</Filter>
    </ClInclude>
    <ClInclude Include="BulletFire.h">
      <Filter>Header Files\GameObject\Object\Enemy\Boss\Fire</Filter>
    </ClInclude>
    <ClInclude Include="BulletFireOwnedState.h">
      <Filter>Header Files\GameObject\StateMachine\BulletOwnedState</Filter>
    </ClInclude>
    <ClInclude Include="ManageBulletFire.h">
      <Filter>Header Files\GameObject\Object\Enemy\Boss\Fire</Filter>
    </ClInclude>
  </ItemGroup>
</Project>